// !$*UTF8*$!
{
	archiveVersion = 1;
	classes = {
	};
	objectVersion = 55;
	objects = {

/* Begin PBXBuildFile section */
		A4373444284ABF78007D5746 /* DateFormatter.swift in Sources */ = {isa = PBXBuildFile; fileRef = A4373443284ABF78007D5746 /* DateFormatter.swift */; };
		A4373446284ABFD6007D5746 /* String.swift in Sources */ = {isa = PBXBuildFile; fileRef = A4373445284ABFD6007D5746 /* String.swift */; };
		A441596E284934AB0019023B /* Transaction.swift in Sources */ = {isa = PBXBuildFile; fileRef = A441596D284934AB0019023B /* Transaction.swift */; };
		A4415972284935190019023B /* TransactionType.swift in Sources */ = {isa = PBXBuildFile; fileRef = A4415971284935190019023B /* TransactionType.swift */; };
		A44159742849374E0019023B /* PreviewData.swift in Sources */ = {isa = PBXBuildFile; fileRef = A44159732849374E0019023B /* PreviewData.swift */; };
		A441597A284938620019023B /* TransactionRow.swift in Sources */ = {isa = PBXBuildFile; fileRef = A4415979284938620019023B /* TransactionRow.swift */; };
		A45C75A62847DF8400B4E85B /* MockBankApp.swift in Sources */ = {isa = PBXBuildFile; fileRef = A45C75A52847DF8400B4E85B /* MockBankApp.swift */; };
		A45C75A82847DF8400B4E85B /* ContentView.swift in Sources */ = {isa = PBXBuildFile; fileRef = A45C75A72847DF8400B4E85B /* ContentView.swift */; };
		A45C75AA2847DF8500B4E85B /* Assets.xcassets in Resources */ = {isa = PBXBuildFile; fileRef = A45C75A92847DF8500B4E85B /* Assets.xcassets */; };
		A45C75AD2847DF8500B4E85B /* Preview Assets.xcassets in Resources */ = {isa = PBXBuildFile; fileRef = A45C75AC2847DF8500B4E85B /* Preview Assets.xcassets */; };
		A45C75B62847EA9A00B4E85B /* Color.swift in Sources */ = {isa = PBXBuildFile; fileRef = A45C75B52847EA9A00B4E85B /* Color.swift */; };
/* End PBXBuildFile section */

/* Begin PBXFileReference section */
		A4373443284ABF78007D5746 /* DateFormatter.swift */ = {isa = PBXFileReference; lastKnownFileType = sourcecode.swift; path = DateFormatter.swift; sourceTree = "<group>"; };
		A4373445284ABFD6007D5746 /* String.swift */ = {isa = PBXFileReference; lastKnownFileType = sourcecode.swift; path = String.swift; sourceTree = "<group>"; };
		A441596D284934AB0019023B /* Transaction.swift */ = {isa = PBXFileReference; lastKnownFileType = sourcecode.swift; path = Transaction.swift; sourceTree = "<group>"; };
		A4415971284935190019023B /* TransactionType.swift */ = {isa = PBXFileReference; lastKnownFileType = sourcecode.swift; path = TransactionType.swift; sourceTree = "<group>"; };
		A44159732849374E0019023B /* PreviewData.swift */ = {isa = PBXFileReference; lastKnownFileType = sourcecode.swift; path = PreviewData.swift; sourceTree = "<group>"; };
		A4415979284938620019023B /* TransactionRow.swift */ = {isa = PBXFileReference; lastKnownFileType = sourcecode.swift; path = TransactionRow.swift; sourceTree = "<group>"; };
		A45C75A22847DF8400B4E85B /* MockBank.app */ = {isa = PBXFileReference; explicitFileType = wrapper.application; includeInIndex = 0; path = MockBank.app; sourceTree = BUILT_PRODUCTS_DIR; };
		A45C75A52847DF8400B4E85B /* MockBankApp.swift */ = {isa = PBXFileReference; lastKnownFileType = sourcecode.swift; path = MockBankApp.swift; sourceTree = "<group>"; };
		A45C75A72847DF8400B4E85B /* ContentView.swift */ = {isa = PBXFileReference; lastKnownFileType = sourcecode.swift; path = ContentView.swift; sourceTree = "<group>"; };
		A45C75A92847DF8500B4E85B /* Assets.xcassets */ = {isa = PBXFileReference; lastKnownFileType = folder.assetcatalog; path = Assets.xcassets; sourceTree = "<group>"; };
		A45C75AC2847DF8500B4E85B /* Preview Assets.xcassets */ = {isa = PBXFileReference; lastKnownFileType = folder.assetcatalog; path = "Preview Assets.xcassets"; sourceTree = "<group>"; };
		A45C75B52847EA9A00B4E85B /* Color.swift */ = {isa = PBXFileReference; lastKnownFileType = sourcecode.swift; path = Color.swift; sourceTree = "<group>"; };
/* End PBXFileReference section */

/* Begin PBXFrameworksBuildPhase section */
		A45C759F2847DF8400B4E85B /* Frameworks */ = {
			isa = PBXFrameworksBuildPhase;
			buildActionMask = 2147483647;
			files = (
			);
			runOnlyForDeploymentPostprocessing = 0;
		};
/* End PBXFrameworksBuildPhase section */

/* Begin PBXGroup section */
		A441596C2849349E0019023B /* Models */ = {
			isa = PBXGroup;
			children = (
				A44159702849350D0019023B /* Enums */,
				A441596F284935040019023B /* Transaction */,
			);
			path = Models;
			sourceTree = "<group>";
		};
		A441596F284935040019023B /* Transaction */ = {
			isa = PBXGroup;
			children = (
				A441596D284934AB0019023B /* Transaction.swift */,
			);
			path = Transaction;
			sourceTree = "<group>";
		};
		A44159702849350D0019023B /* Enums */ = {
			isa = PBXGroup;
			children = (
				A4415971284935190019023B /* TransactionType.swift */,
			);
			path = Enums;
			sourceTree = "<group>";
		};
		A4415975284938240019023B /* Views */ = {
			isa = PBXGroup;
			children = (
				A45C75A72847DF8400B4E85B /* ContentView.swift */,
				A4415979284938620019023B /* TransactionRow.swift */,
			);
			path = Views;
			sourceTree = "<group>";
		};
		A44159762849382D0019023B /* App */ = {
			isa = PBXGroup;
			children = (
				A45C75A52847DF8400B4E85B /* MockBankApp.swift */,
			);
			path = App;
			sourceTree = "<group>";
		};
		A45C75992847DF8400B4E85B = {
			isa = PBXGroup;
			children = (
				A45C75A42847DF8400B4E85B /* MockBank */,
				A45C75A32847DF8400B4E85B /* Products */,
			);
			sourceTree = "<group>";
		};
		A45C75A32847DF8400B4E85B /* Products */ = {
			isa = PBXGroup;
			children = (
				A45C75A22847DF8400B4E85B /* MockBank.app */,
			);
			name = Products;
			sourceTree = "<group>";
		};
		A45C75A42847DF8400B4E85B /* MockBank */ = {
			isa = PBXGroup;
			children = (
				A44159762849382D0019023B /* App */,
				A4415975284938240019023B /* Views */,
				A441596C2849349E0019023B /* Models */,
				A45C75B42847EA8600B4E85B /* Extensions */,
				A45C75A92847DF8500B4E85B /* Assets.xcassets */,
				A45C75AB2847DF8500B4E85B /* Preview Content */,
			);
			path = MockBank;
			sourceTree = "<group>";
		};
		A45C75AB2847DF8500B4E85B /* Preview Content */ = {
			isa = PBXGroup;
			children = (
				A45C75AC2847DF8500B4E85B /* Preview Assets.xcassets */,
				A44159732849374E0019023B /* PreviewData.swift */,
			);
			path = "Preview Content";
			sourceTree = "<group>";
		};
		A45C75B42847EA8600B4E85B /* Extensions */ = {
			isa = PBXGroup;
			children = (
				A45C75B52847EA9A00B4E85B /* Color.swift */,
				A4373443284ABF78007D5746 /* DateFormatter.swift */,
				A4373445284ABFD6007D5746 /* String.swift */,
			);
			path = Extensions;
			sourceTree = "<group>";
		};
/* End PBXGroup section */

/* Begin PBXNativeTarget section */
		A45C75A12847DF8400B4E85B /* MockBank */ = {
			isa = PBXNativeTarget;
			buildConfigurationList = A45C75B02847DF8500B4E85B /* Build configuration list for PBXNativeTarget "MockBank" */;
			buildPhases = (
				A45C759E2847DF8400B4E85B /* Sources */,
				A45C759F2847DF8400B4E85B /* Frameworks */,
				A45C75A02847DF8400B4E85B /* Resources */,
			);
			buildRules = (
			);
			dependencies = (
			);
			name = MockBank;
			productName = MockBank;
			productReference = A45C75A22847DF8400B4E85B /* MockBank.app */;
			productType = "com.apple.product-type.application";
		};
/* End PBXNativeTarget section */

/* Begin PBXProject section */
		A45C759A2847DF8400B4E85B /* Project object */ = {
			isa = PBXProject;
			attributes = {
				BuildIndependentTargetsInParallel = 1;
				LastSwiftUpdateCheck = 1330;
				LastUpgradeCheck = 1330;
				TargetAttributes = {
					A45C75A12847DF8400B4E85B = {
						CreatedOnToolsVersion = 13.3;
					};
				};
			};
			buildConfigurationList = A45C759D2847DF8400B4E85B /* Build configuration list for PBXProject "MockBank" */;
			compatibilityVersion = "Xcode 13.0";
			developmentRegion = en;
			hasScannedForEncodings = 0;
			knownRegions = (
				en,
				Base,
			);
			mainGroup = A45C75992847DF8400B4E85B;
			productRefGroup = A45C75A32847DF8400B4E85B /* Products */;
			projectDirPath = "";
			projectRoot = "";
			targets = (
				A45C75A12847DF8400B4E85B /* MockBank */,
			);
		};
/* End PBXProject section */

/* Begin PBXResourcesBuildPhase section */
		A45C75A02847DF8400B4E85B /* Resources */ = {
			isa = PBXResourcesBuildPhase;
			buildActionMask = 2147483647;
			files = (
				A45C75AD2847DF8500B4E85B /* Preview Assets.xcassets in Resources */,
				A45C75AA2847DF8500B4E85B /* Assets.xcassets in Resources */,
			);
			runOnlyForDeploymentPostprocessing = 0;
		};
/* End PBXResourcesBuildPhase section */

/* Begin PBXSourcesBuildPhase section */
		A45C759E2847DF8400B4E85B /* Sources */ = {
			isa = PBXSourcesBuildPhase;
			buildActionMask = 2147483647;
			files = (
				A4373444284ABF78007D5746 /* DateFormatter.swift in Sources */,
				A45C75A82847DF8400B4E85B /* ContentView.swift in Sources */,
				A4415972284935190019023B /* TransactionType.swift in Sources */,
				A4373446284ABFD6007D5746 /* String.swift in Sources */,
				A44159742849374E0019023B /* PreviewData.swift in Sources */,
				A45C75A62847DF8400B4E85B /* MockBankApp.swift in Sources */,
				A441597A284938620019023B /* TransactionRow.swift in Sources */,
				A441596E284934AB0019023B /* Transaction.swift in Sources */,
				A45C75B62847EA9A00B4E85B /* Color.swift in Sources */,
			);
			runOnlyForDeploymentPostprocessing = 0;
		};
/* End PBXSourcesBuildPhase section */

/* Begin XCBuildConfiguration section */
		A45C75AE2847DF8500B4E85B /* Debug */ = {
			isa = XCBuildConfiguration;
			buildSettings = {
				ALWAYS_SEARCH_USER_PATHS = NO;
				CLANG_ANALYZER_NONNULL = YES;
				CLANG_ANALYZER_NUMBER_OBJECT_CONVERSION = YES_AGGRESSIVE;
				CLANG_CXX_LANGUAGE_STANDARD = "gnu++17";
				CLANG_ENABLE_MODULES = YES;
				CLANG_ENABLE_OBJC_ARC = YES;
				CLANG_ENABLE_OBJC_WEAK = YES;
				CLANG_WARN_BLOCK_CAPTURE_AUTORELEASING = YES;
				CLANG_WARN_BOOL_CONVERSION = YES;
				CLANG_WARN_COMMA = YES;
				CLANG_WARN_CONSTANT_CONVERSION = YES;
				CLANG_WARN_DEPRECATED_OBJC_IMPLEMENTATIONS = YES;
				CLANG_WARN_DIRECT_OBJC_ISA_USAGE = YES_ERROR;
				CLANG_WARN_DOCUMENTATION_COMMENTS = YES;
				CLANG_WARN_EMPTY_BODY = YES;
				CLANG_WARN_ENUM_CONVERSION = YES;
				CLANG_WARN_INFINITE_RECURSION = YES;
				CLANG_WARN_INT_CONVERSION = YES;
				CLANG_WARN_NON_LITERAL_NULL_CONVERSION = YES;
				CLANG_WARN_OBJC_IMPLICIT_RETAIN_SELF = YES;
				CLANG_WARN_OBJC_LITERAL_CONVERSION = YES;
				CLANG_WARN_OBJC_ROOT_CLASS = YES_ERROR;
				CLANG_WARN_QUOTED_INCLUDE_IN_FRAMEWORK_HEADER = YES;
				CLANG_WARN_RANGE_LOOP_ANALYSIS = YES;
				CLANG_WARN_STRICT_PROTOTYPES = YES;
				CLANG_WARN_SUSPICIOUS_MOVE = YES;
				CLANG_WARN_UNGUARDED_AVAILABILITY = YES_AGGRESSIVE;
				CLANG_WARN_UNREACHABLE_CODE = YES;
				CLANG_WARN__DUPLICATE_METHOD_MATCH = YES;
				COPY_PHASE_STRIP = NO;
				DEBUG_INFORMATION_FORMAT = dwarf;
				ENABLE_STRICT_OBJC_MSGSEND = YES;
				ENABLE_TESTABILITY = YES;
				GCC_C_LANGUAGE_STANDARD = gnu11;
				GCC_DYNAMIC_NO_PIC = NO;
				GCC_NO_COMMON_BLOCKS = YES;
				GCC_OPTIMIZATION_LEVEL = 0;
				GCC_PREPROCESSOR_DEFINITIONS = (
					"DEBUG=1",
					"$(inherited)",
				);
				GCC_WARN_64_TO_32_BIT_CONVERSION = YES;
				GCC_WARN_ABOUT_RETURN_TYPE = YES_ERROR;
				GCC_WARN_UNDECLARED_SELECTOR = YES;
				GCC_WARN_UNINITIALIZED_AUTOS = YES_AGGRESSIVE;
				GCC_WARN_UNUSED_FUNCTION = YES;
				GCC_WARN_UNUSED_VARIABLE = YES;
				IPHONEOS_DEPLOYMENT_TARGET = 15.4;
				MTL_ENABLE_DEBUG_INFO = INCLUDE_SOURCE;
				MTL_FAST_MATH = YES;
				ONLY_ACTIVE_ARCH = YES;
				SDKROOT = iphoneos;
				SWIFT_ACTIVE_COMPILATION_CONDITIONS = DEBUG;
				SWIFT_OPTIMIZATION_LEVEL = "-Onone";
			};
			name = Debug;
		};
		A45C75AF2847DF8500B4E85B /* Release */ = {
			isa = XCBuildConfiguration;
			buildSettings = {
				ALWAYS_SEARCH_USER_PATHS = NO;
				CLANG_ANALYZER_NONNULL = YES;
				CLANG_ANALYZER_NUMBER_OBJECT_CONVERSION = YES_AGGRESSIVE;
				CLANG_CXX_LANGUAGE_STANDARD = "gnu++17";
				CLANG_ENABLE_MODULES = YES;
				CLANG_ENABLE_OBJC_ARC = YES;
				CLANG_ENABLE_OBJC_WEAK = YES;
				CLANG_WARN_BLOCK_CAPTURE_AUTORELEASING = YES;
				CLANG_WARN_BOOL_CONVERSION = YES;
				CLANG_WARN_COMMA = YES;
				CLANG_WARN_CONSTANT_CONVERSION = YES;
				CLANG_WARN_DEPRECATED_OBJC_IMPLEMENTATIONS = YES;
				CLANG_WARN_DIRECT_OBJC_ISA_USAGE = YES_ERROR;
				CLANG_WARN_DOCUMENTATION_COMMENTS = YES;
				CLANG_WARN_EMPTY_BODY = YES;
				CLANG_WARN_ENUM_CONVERSION = YES;
				CLANG_WARN_INFINITE_RECURSION = YES;
				CLANG_WARN_INT_CONVERSION = YES;
				CLANG_WARN_NON_LITERAL_NULL_CONVERSION = YES;
				CLANG_WARN_OBJC_IMPLICIT_RETAIN_SELF = YES;
				CLANG_WARN_OBJC_LITERAL_CONVERSION = YES;
				CLANG_WARN_OBJC_ROOT_CLASS = YES_ERROR;
				CLANG_WARN_QUOTED_INCLUDE_IN_FRAMEWORK_HEADER = YES;
				CLANG_WARN_RANGE_LOOP_ANALYSIS = YES;
				CLANG_WARN_STRICT_PROTOTYPES = YES;
				CLANG_WARN_SUSPICIOUS_MOVE = YES;
				CLANG_WARN_UNGUARDED_AVAILABILITY = YES_AGGRESSIVE;
				CLANG_WARN_UNREACHABLE_CODE = YES;
				CLANG_WARN__DUPLICATE_METHOD_MATCH = YES;
				COPY_PHASE_STRIP = NO;
				DEBUG_INFORMATION_FORMAT = "dwarf-with-dsym";
				ENABLE_NS_ASSERTIONS = NO;
				ENABLE_STRICT_OBJC_MSGSEND = YES;
				GCC_C_LANGUAGE_STANDARD = gnu11;
				GCC_NO_COMMON_BLOCKS = YES;
				GCC_WARN_64_TO_32_BIT_CONVERSION = YES;
				GCC_WARN_ABOUT_RETURN_TYPE = YES_ERROR;
				GCC_WARN_UNDECLARED_SELECTOR = YES;
				GCC_WARN_UNINITIALIZED_AUTOS = YES_AGGRESSIVE;
				GCC_WARN_UNUSED_FUNCTION = YES;
				GCC_WARN_UNUSED_VARIABLE = YES;
				IPHONEOS_DEPLOYMENT_TARGET = 15.4;
				MTL_ENABLE_DEBUG_INFO = NO;
				MTL_FAST_MATH = YES;
				SDKROOT = iphoneos;
				SWIFT_COMPILATION_MODE = wholemodule;
				SWIFT_OPTIMIZATION_LEVEL = "-O";
				VALIDATE_PRODUCT = YES;
			};
			name = Release;
		};
		A45C75B12847DF8500B4E85B /* Debug */ = {
			isa = XCBuildConfiguration;
			buildSettings = {
				ASSETCATALOG_COMPILER_APPICON_NAME = AppIcon;
				ASSETCATALOG_COMPILER_GLOBAL_ACCENT_COLOR_NAME = AccentColor;
				CODE_SIGN_STYLE = Automatic;
				CURRENT_PROJECT_VERSION = 1;
				DEVELOPMENT_ASSET_PATHS = "\"MockBank/Preview Content\"";
				ENABLE_PREVIEWS = YES;
				GENERATE_INFOPLIST_FILE = YES;
				INFOPLIST_KEY_UIApplicationSceneManifest_Generation = YES;
				INFOPLIST_KEY_UIApplicationSupportsIndirectInputEvents = YES;
				INFOPLIST_KEY_UILaunchScreen_Generation = YES;
				INFOPLIST_KEY_UISupportedInterfaceOrientations_iPad = "UIInterfaceOrientationPortrait UIInterfaceOrientationPortraitUpsideDown UIInterfaceOrientationLandscapeLeft UIInterfaceOrientationLandscapeRight";
				INFOPLIST_KEY_UISupportedInterfaceOrientations_iPhone = "UIInterfaceOrientationPortrait UIInterfaceOrientationLandscapeLeft UIInterfaceOrientationLandscapeRight";
				LD_RUNPATH_SEARCH_PATHS = (
					"$(inherited)",
					"@executable_path/Frameworks",
				);
				MARKETING_VERSION = 1.0;
				PRODUCT_BUNDLE_IDENTIFIER = com.test.MockBank;
				PRODUCT_NAME = "$(TARGET_NAME)";
				SWIFT_EMIT_LOC_STRINGS = YES;
				SWIFT_VERSION = 5.0;
				TARGETED_DEVICE_FAMILY = "1,2";
			};
			name = Debug;
		};
		A45C75B22847DF8500B4E85B /* Release */ = {
			isa = XCBuildConfiguration;
			buildSettings = {
				ASSETCATALOG_COMPILER_APPICON_NAME = AppIcon;
				ASSETCATALOG_COMPILER_GLOBAL_ACCENT_COLOR_NAME = AccentColor;
				CODE_SIGN_STYLE = Automatic;
				CURRENT_PROJECT_VERSION = 1;
				DEVELOPMENT_ASSET_PATHS = "\"MockBank/Preview Content\"";
				ENABLE_PREVIEWS = YES;
				GENERATE_INFOPLIST_FILE = YES;
				INFOPLIST_KEY_UIApplicationSceneManifest_Generation = YES;
				INFOPLIST_KEY_UIApplicationSupportsIndirectInputEvents = YES;
				INFOPLIST_KEY_UILaunchScreen_Generation = YES;
				INFOPLIST_KEY_UISupportedInterfaceOrientations_iPad = "UIInterfaceOrientationPortrait UIInterfaceOrientationPortraitUpsideDown UIInterfaceOrientationLandscapeLeft UIInterfaceOrientationLandscapeRight";
				INFOPLIST_KEY_UISupportedInterfaceOrientations_iPhone = "UIInterfaceOrientationPortrait UIInterfaceOrientationLandscapeLeft UIInterfaceOrientationLandscapeRight";
				LD_RUNPATH_SEARCH_PATHS = (
					"$(inherited)",
					"@executable_path/Frameworks",
				);
				MARKETING_VERSION = 1.0;
				PRODUCT_BUNDLE_IDENTIFIER = com.test.MockBank;
				PRODUCT_NAME = "$(TARGET_NAME)";
				SWIFT_EMIT_LOC_STRINGS = YES;
				SWIFT_VERSION = 5.0;
				TARGETED_DEVICE_FAMILY = "1,2";
			};
			name = Release;
		};
/* End XCBuildConfiguration section */

/* Begin XCConfigurationList section */
		A45C759D2847DF8400B4E85B /* Build configuration list for PBXProject "MockBank" */ = {
			isa = XCConfigurationList;
			buildConfigurations = (
				A45C75AE2847DF8500B4E85B /* Debug */,
				A45C75AF2847DF8500B4E85B /* Release */,
			);
			defaultConfigurationIsVisible = 0;
			defaultConfigurationName = Release;
		};
		A45C75B02847DF8500B4E85B /* Build configuration list for PBXNativeTarget "MockBank" */ = {
			isa = XCConfigurationList;
			buildConfigurations = (
				A45C75B12847DF8500B4E85B /* Debug */,
				A45C75B22847DF8500B4E85B /* Release */,
			);
			defaultConfigurationIsVisible = 0;
			defaultConfigurationName = Release;
		};
/* End XCConfigurationList section */
	};
	rootObject = A45C759A2847DF8400B4E85B /* Project object */;
}
